
Microsoft Visual Studio Solution File, Format Version 12.00
# Visual Studio Version 17
VisualStudioVersion = 17.0.31903.59
MinimumVisualStudioVersion = 10.0.40219.1
Project("{2150E333-8FDC-42A3-9474-1A3956D46DE8}") = "Services", "Services", "{5854FF58-B8C5-05C6-5BF2-ACE42193F22B}"
EndProject
Project("{2150E333-8FDC-42A3-9474-1A3956D46DE8}") = "Catalog", "Catalog", "{944ACC7E-4FFC-A2A2-09E1-98A62C66F8DB}"
EndProject
Project("{FAE04EC0-301F-11D3-BF4B-00C04F79EFBC}") = "Catalog.API", "Services\Catalog\Catalog.API\Catalog.API.csproj", "{E44F8213-498C-4E2F-9DC4-CBA7B0CD1DAF}"
EndProject
Project("{2150E333-8FDC-42A3-9474-1A3956D46DE8}") = "BuildingBlocks", "BuildingBlocks", "{7266C4A9-E384-DC00-0EB6-47F6002CFBA7}"
EndProject
Project("{FAE04EC0-301F-11D3-BF4B-00C04F79EFBC}") = "BuildingBlocks", "BuildingBlocks\BuildingBlocks\BuildingBlocks.csproj", "{6B512A84-2C80-40BD-BBAB-EF54FE6FF140}"
EndProject
Project("{2150E333-8FDC-42A3-9474-1A3956D46DE8}") = "Basket", "Basket", "{5991CCA7-7B8E-F5C0-A704-5C636E45E198}"
EndProject
Project("{FAE04EC0-301F-11D3-BF4B-00C04F79EFBC}") = "Basket.API", "Services\Basket\Basket.API\Basket.API.csproj", "{D7DA473B-27B4-43B7-BC15-B212967E91F9}"
EndProject
Project("{2150E333-8FDC-42A3-9474-1A3956D46DE8}") = "Discount", "Discount", "{C7CAFBC0-809A-03AF-7F4A-D6ECDFC06026}"
EndProject
Project("{FAE04EC0-301F-11D3-BF4B-00C04F79EFBC}") = "Discount.Grpc", "Services\Discount\Discount.Grpc\Discount.Grpc.csproj", "{B8A1B96B-F7DB-4E2C-8224-8F1FCBAB6C61}"
EndProject
Global
	GlobalSection(SolutionConfigurationPlatforms) = preSolution
		Debug|Any CPU = Debug|Any CPU
		Debug|x64 = Debug|x64
		Debug|x86 = Debug|x86
		Release|Any CPU = Release|Any CPU
		Release|x64 = Release|x64
		Release|x86 = Release|x86
	EndGlobalSection
	GlobalSection(ProjectConfigurationPlatforms) = postSolution
		{E44F8213-498C-4E2F-9DC4-CBA7B0CD1DAF}.Debug|Any CPU.ActiveCfg = Debug|Any CPU
		{E44F8213-498C-4E2F-9DC4-CBA7B0CD1DAF}.Debug|Any CPU.Build.0 = Debug|Any CPU
		{E44F8213-498C-4E2F-9DC4-CBA7B0CD1DAF}.Debug|x64.ActiveCfg = Debug|Any CPU
		{E44F8213-498C-4E2F-9DC4-CBA7B0CD1DAF}.Debug|x64.Build.0 = Debug|Any CPU
		{E44F8213-498C-4E2F-9DC4-CBA7B0CD1DAF}.Debug|x86.ActiveCfg = Debug|Any CPU
		{E44F8213-498C-4E2F-9DC4-CBA7B0CD1DAF}.Debug|x86.Build.0 = Debug|Any CPU
		{E44F8213-498C-4E2F-9DC4-CBA7B0CD1DAF}.Release|Any CPU.ActiveCfg = Release|Any CPU
		{E44F8213-498C-4E2F-9DC4-CBA7B0CD1DAF}.Release|Any CPU.Build.0 = Release|Any CPU
		{E44F8213-498C-4E2F-9DC4-CBA7B0CD1DAF}.Release|x64.ActiveCfg = Release|Any CPU
		{E44F8213-498C-4E2F-9DC4-CBA7B0CD1DAF}.Release|x64.Build.0 = Release|Any CPU
		{E44F8213-498C-4E2F-9DC4-CBA7B0CD1DAF}.Release|x86.ActiveCfg = Release|Any CPU
		{E44F8213-498C-4E2F-9DC4-CBA7B0CD1DAF}.Release|x86.Build.0 = Release|Any CPU
		{6B512A84-2C80-40BD-BBAB-EF54FE6FF140}.Debug|Any CPU.ActiveCfg = Debug|Any CPU
		{6B512A84-2C80-40BD-BBAB-EF54FE6FF140}.Debug|Any CPU.Build.0 = Debug|Any CPU
		{6B512A84-2C80-40BD-BBAB-EF54FE6FF140}.Debug|x64.ActiveCfg = Debug|Any CPU
		{6B512A84-2C80-40BD-BBAB-EF54FE6FF140}.Debug|x64.Build.0 = Debug|Any CPU
		{6B512A84-2C80-40BD-BBAB-EF54FE6FF140}.Debug|x86.ActiveCfg = Debug|Any CPU
		{6B512A84-2C80-40BD-BBAB-EF54FE6FF140}.Debug|x86.Build.0 = Debug|Any CPU
		{6B512A84-2C80-40BD-BBAB-EF54FE6FF140}.Release|Any CPU.ActiveCfg = Release|Any CPU
		{6B512A84-2C80-40BD-BBAB-EF54FE6FF140}.Release|Any CPU.Build.0 = Release|Any CPU
		{6B512A84-2C80-40BD-BBAB-EF54FE6FF140}.Release|x64.ActiveCfg = Release|Any CPU
		{6B512A84-2C80-40BD-BBAB-EF54FE6FF140}.Release|x64.Build.0 = Release|Any CPU
		{6B512A84-2C80-40BD-BBAB-EF54FE6FF140}.Release|x86.ActiveCfg = Release|Any CPU
		{6B512A84-2C80-40BD-BBAB-EF54FE6FF140}.Release|x86.Build.0 = Release|Any CPU
		{D7DA473B-27B4-43B7-BC15-B212967E91F9}.Debug|Any CPU.ActiveCfg = Debug|Any CPU
		{D7DA473B-27B4-43B7-BC15-B212967E91F9}.Debug|Any CPU.Build.0 = Debug|Any CPU
		{D7DA473B-27B4-43B7-BC15-B212967E91F9}.Debug|x64.ActiveCfg = Debug|Any CPU
		{D7DA473B-27B4-43B7-BC15-B212967E91F9}.Debug|x64.Build.0 = Debug|Any CPU
		{D7DA473B-27B4-43B7-BC15-B212967E91F9}.Debug|x86.ActiveCfg = Debug|Any CPU
		{D7DA473B-27B4-43B7-BC15-B212967E91F9}.Debug|x86.Build.0 = Debug|Any CPU
		{D7DA473B-27B4-43B7-BC15-B212967E91F9}.Release|Any CPU.ActiveCfg = Release|Any CPU
		{D7DA473B-27B4-43B7-BC15-B212967E91F9}.Release|Any CPU.Build.0 = Release|Any CPU
		{D7DA473B-27B4-43B7-BC15-B212967E91F9}.Release|x64.ActiveCfg = Release|Any CPU
		{D7DA473B-27B4-43B7-BC15-B212967E91F9}.Release|x64.Build.0 = Release|Any CPU
		{D7DA473B-27B4-43B7-BC15-B212967E91F9}.Release|x86.ActiveCfg = Release|Any CPU
		{D7DA473B-27B4-43B7-BC15-B212967E91F9}.Release|x86.Build.0 = Release|Any CPU
		{B8A1B96B-F7DB-4E2C-8224-8F1FCBAB6C61}.Debug|Any CPU.ActiveCfg = Debug|Any CPU
		{B8A1B96B-F7DB-4E2C-8224-8F1FCBAB6C61}.Debug|Any CPU.Build.0 = Debug|Any CPU
		{B8A1B96B-F7DB-4E2C-8224-8F1FCBAB6C61}.Debug|x64.ActiveCfg = Debug|Any CPU
		{B8A1B96B-F7DB-4E2C-8224-8F1FCBAB6C61}.Debug|x64.Build.0 = Debug|Any CPU
		{B8A1B96B-F7DB-4E2C-8224-8F1FCBAB6C61}.Debug|x86.ActiveCfg = Debug|Any CPU
		{B8A1B96B-F7DB-4E2C-8224-8F1FCBAB6C61}.Debug|x86.Build.0 = Debug|Any CPU
		{B8A1B96B-F7DB-4E2C-8224-8F1FCBAB6C61}.Release|Any CPU.ActiveCfg = Release|Any CPU
		{B8A1B96B-F7DB-4E2C-8224-8F1FCBAB6C61}.Release|Any CPU.Build.0 = Release|Any CPU
		{B8A1B96B-F7DB-4E2C-8224-8F1FCBAB6C61}.Release|x64.ActiveCfg = Release|Any CPU
		{B8A1B96B-F7DB-4E2C-8224-8F1FCBAB6C61}.Release|x64.Build.0 = Release|Any CPU
		{B8A1B96B-F7DB-4E2C-8224-8F1FCBAB6C61}.Release|x86.ActiveCfg = Release|Any CPU
		{B8A1B96B-F7DB-4E2C-8224-8F1FCBAB6C61}.Release|x86.Build.0 = Release|Any CPU
	EndGlobalSection
	GlobalSection(SolutionProperties) = preSolution
		HideSolutionNode = FALSE
	EndGlobalSection
	GlobalSection(NestedProjects) = preSolution
		{944ACC7E-4FFC-A2A2-09E1-98A62C66F8DB} = {5854FF58-B8C5-05C6-5BF2-ACE42193F22B}
		{E44F8213-498C-4E2F-9DC4-CBA7B0CD1DAF} = {944ACC7E-4FFC-A2A2-09E1-98A62C66F8DB}
		{6B512A84-2C80-40BD-BBAB-EF54FE6FF140} = {7266C4A9-E384-DC00-0EB6-47F6002CFBA7}
		{5991CCA7-7B8E-F5C0-A704-5C636E45E198} = {5854FF58-B8C5-05C6-5BF2-ACE42193F22B}
		{D7DA473B-27B4-43B7-BC15-B212967E91F9} = {5991CCA7-7B8E-F5C0-A704-5C636E45E198}
		{C7CAFBC0-809A-03AF-7F4A-D6ECDFC06026} = {5854FF58-B8C5-05C6-5BF2-ACE42193F22B}
		{B8A1B96B-F7DB-4E2C-8224-8F1FCBAB6C61} = {C7CAFBC0-809A-03AF-7F4A-D6ECDFC06026}
	EndGlobalSection
EndGlobal
